
Microsoft Visual Studio Solution File, Format Version 12.00
# Visual Studio Version 17
VisualStudioVersion = 17.0.31903.59
MinimumVisualStudioVersion = 10.0.40219.1
Project("{FAE04EC0-301F-11D3-BF4B-00C04F79EFBC}") = "Domain", "Domain\Domain.csproj", "{A41E63B5-9BDB-412D-AE02-618042EA2CFF}"
EndProject
Project("{FAE04EC0-301F-11D3-BF4B-00C04F79EFBC}") = "Application", "Application\Application.csproj", "{51317BBA-9C90-43FD-9D29-30498F2C7BA1}"
EndProject
Project("{FAE04EC0-301F-11D3-BF4B-00C04F79EFBC}") = "Persistence", "Persistence\Persistence.csproj", "{9BC07D3F-260D-4077-913A-8C90BF2707D9}"
EndProject
Project("{FAE04EC0-301F-11D3-BF4B-00C04F79EFBC}") = "API", "API\API.csproj", "{81471F34-959D-469D-A009-7B9D35B29CFC}"
EndProject
Global
	GlobalSection(SolutionConfigurationPlatforms) = preSolution
		Debug|Any CPU = Debug|Any CPU
		Release|Any CPU = Release|Any CPU
	EndGlobalSection
	GlobalSection(SolutionProperties) = preSolution
		HideSolutionNode = FALSE
	EndGlobalSection
	GlobalSection(ProjectConfigurationPlatforms) = postSolution
		{A41E63B5-9BDB-412D-AE02-618042EA2CFF}.Debug|Any CPU.ActiveCfg = Debug|Any CPU
		{A41E63B5-9BDB-412D-AE02-618042EA2CFF}.Debug|Any CPU.Build.0 = Debug|Any CPU
		{A41E63B5-9BDB-412D-AE02-618042EA2CFF}.Release|Any CPU.ActiveCfg = Release|Any CPU
		{A41E63B5-9BDB-412D-AE02-618042EA2CFF}.Release|Any CPU.Build.0 = Release|Any CPU
		{51317BBA-9C90-43FD-9D29-30498F2C7BA1}.Debug|Any CPU.ActiveCfg = Debug|Any CPU
		{51317BBA-9C90-43FD-9D29-30498F2C7BA1}.Debug|Any CPU.Build.0 = Debug|Any CPU
		{51317BBA-9C90-43FD-9D29-30498F2C7BA1}.Release|Any CPU.ActiveCfg = Release|Any CPU
		{51317BBA-9C90-43FD-9D29-30498F2C7BA1}.Release|Any CPU.Build.0 = Release|Any CPU
		{9BC07D3F-260D-4077-913A-8C90BF2707D9}.Debug|Any CPU.ActiveCfg = Debug|Any CPU
		{9BC07D3F-260D-4077-913A-8C90BF2707D9}.Debug|Any CPU.Build.0 = Debug|Any CPU
		{9BC07D3F-260D-4077-913A-8C90BF2707D9}.Release|Any CPU.ActiveCfg = Release|Any CPU
		{9BC07D3F-260D-4077-913A-8C90BF2707D9}.Release|Any CPU.Build.0 = Release|Any CPU
		{81471F34-959D-469D-A009-7B9D35B29CFC}.Debug|Any CPU.ActiveCfg = Debug|Any CPU
		{81471F34-959D-469D-A009-7B9D35B29CFC}.Debug|Any CPU.Build.0 = Debug|Any CPU
		{81471F34-959D-469D-A009-7B9D35B29CFC}.Release|Any CPU.ActiveCfg = Release|Any CPU
		{81471F34-959D-469D-A009-7B9D35B29CFC}.Release|Any CPU.Build.0 = Release|Any CPU
	EndGlobalSection
EndGlobal
